{
    "_readme": [
        "This file locks the dependencies of your project to a known state",
        "Read more about it at http://getcomposer.org/doc/01-basic-usage.md#composer-lock-the-lock-file"
    ],
    "hash": "03dc83bc65c9d14ffdfc26485ea66962",
    "packages": [
        {
            "name": "guzzle/guzzle",
            "version": "v3.7.1",
            "source": {
                "type": "git",
                "url": "https://github.com/guzzle/guzzle.git",
                "reference": "aa68be2fa33896c0a0a7638d5b8e3f9e1a41bfab"
            },
            "dist": {
                "type": "zip",
                "url": "https://api.github.com/repos/guzzle/guzzle/zipball/aa68be2fa33896c0a0a7638d5b8e3f9e1a41bfab",
                "reference": "aa68be2fa33896c0a0a7638d5b8e3f9e1a41bfab",
                "shasum": ""
            },
            "require": {
                "ext-curl": "*",
                "php": ">=5.3.2",
                "symfony/event-dispatcher": ">=2.1"
            },
            "replace": {
                "guzzle/batch": "self.version",
                "guzzle/cache": "self.version",
                "guzzle/common": "self.version",
                "guzzle/http": "self.version",
                "guzzle/inflection": "self.version",
                "guzzle/iterator": "self.version",
                "guzzle/log": "self.version",
                "guzzle/parser": "self.version",
                "guzzle/plugin": "self.version",
                "guzzle/plugin-async": "self.version",
                "guzzle/plugin-backoff": "self.version",
                "guzzle/plugin-cache": "self.version",
                "guzzle/plugin-cookie": "self.version",
                "guzzle/plugin-curlauth": "self.version",
                "guzzle/plugin-error-response": "self.version",
                "guzzle/plugin-history": "self.version",
                "guzzle/plugin-log": "self.version",
                "guzzle/plugin-md5": "self.version",
                "guzzle/plugin-mock": "self.version",
                "guzzle/plugin-oauth": "self.version",
                "guzzle/service": "self.version",
                "guzzle/stream": "self.version"
            },
            "require-dev": {
                "doctrine/cache": "*",
                "monolog/monolog": "1.*",
                "phpunit/phpunit": "3.7.*",
                "psr/log": "1.0.*",
                "symfony/class-loader": "*",
                "zendframework/zend-cache": "2.0.*",
                "zendframework/zend-log": "2.0.*"
            },
            "type": "library",
            "extra": {
                "branch-alias": {
                    "dev-master": "3.7-dev"
                }
            },
            "autoload": {
                "psr-0": {
                    "Guzzle\\Tests": "tests/",
                    "Guzzle": "src/"
                }
            },
            "notification-url": "https://packagist.org/downloads/",
            "license": [
                "MIT"
            ],
            "authors": [
                {
                    "name": "Michael Dowling",
                    "email": "mtdowling@gmail.com",
                    "homepage": "https://github.com/mtdowling"
                },
                {
                    "name": "Guzzle Community",
                    "homepage": "https://github.com/guzzle/guzzle/contributors"
                }
            ],
            "description": "Guzzle is a PHP HTTP client library and framework for building RESTful web service clients",
            "homepage": "http://guzzlephp.org/",
            "keywords": [
                "client",
                "curl",
                "framework",
                "http",
                "http client",
                "rest",
                "web service"
            ],
            "time": "2013-07-05 20:17:54"
        },
        {
            "name": "mailgun/mailgun-php",
            "version": "0.7",
            "source": {
                "type": "git",
                "url": "https://github.com/mailgun/mailgun-php.git",
                "reference": "522f731929a93322a098d78686edfea5ecb38a51"
            },
            "dist": {
                "type": "zip",
                "url": "https://api.github.com/repos/mailgun/mailgun-php/zipball/522f731929a93322a098d78686edfea5ecb38a51",
                "reference": "522f731929a93322a098d78686edfea5ecb38a51",
                "shasum": ""
            },
            "require": {
                "guzzle/guzzle": "3.7.1"
            },
            "require-dev": {
                "phpunit/phpunit": "3.7.*"
            },
            "type": "library",
            "autoload": {
                "psr-0": {
                    "Mailgun\\Tests": "tests/",
                    "Mailgun": "src/"
                }
            },
            "notification-url": "https://packagist.org/downloads/",
            "license": [
                "MIT"
            ],
            "authors": [
                {
                    "name": "Travis Swientek",
                    "email": "travis@mailgunhq.com"
                }
            ],
            "description": "The Mailgun SDK provides methods for all API functions.",
            "time": "2013-08-16 21:05:58"
        },
        {
            "name": "symfony/event-dispatcher",
            "version": "v2.3.4",
            "target-dir": "Symfony/Component/EventDispatcher",
            "source": {
                "type": "git",
                "url": "https://github.com/symfony/EventDispatcher.git",
                "reference": "41c9826457c65fa3cf746f214985b7ca9cba42f8"
            },
            "dist": {
                "type": "zip",
                "url": "https://api.github.com/repos/symfony/EventDispatcher/zipball/41c9826457c65fa3cf746f214985b7ca9cba42f8",
                "reference": "41c9826457c65fa3cf746f214985b7ca9cba42f8",
                "shasum": ""
            },
            "require": {
                "php": ">=5.3.3"
            },
            "require-dev": {
                "symfony/dependency-injection": "~2.0"
            },
            "suggest": {
                "symfony/dependency-injection": "",
                "symfony/http-kernel": ""
            },
            "type": "library",
            "extra": {
                "branch-alias": {
                    "dev-master": "2.3-dev"
                }
            },
            "autoload": {
                "psr-0": {
                    "Symfony\\Component\\EventDispatcher\\": ""
                }
            },
            "notification-url": "https://packagist.org/downloads/",
            "license": [
                "MIT"
            ],
            "authors": [
                {
                    "name": "Fabien Potencier",
                    "email": "fabien@symfony.com"
                },
                {
                    "name": "Symfony Community",
                    "homepage": "http://symfony.com/contributors"
                }
            ],
            "description": "Symfony EventDispatcher Component",
            "homepage": "http://symfony.com",
            "time": "2013-07-21 12:12:18"
        },
        {
            "name": "willdurand/geocoder",
            "version": "1.4.0",
            "source": {
                "type": "git",
                "url": "https://github.com/geocoder-php/Geocoder.git",
                "reference": "98e264eb61053fff2365609b70f302933175158c"
            },
            "dist": {
                "type": "zip",
                "url": "https://api.github.com/repos/geocoder-php/Geocoder/zipball/98e264eb61053fff2365609b70f302933175158c",
                "reference": "98e264eb61053fff2365609b70f302933175158c",
                "shasum": ""
            },
            "require": {
                "php": ">=5.3.0"
            },
            "require-dev": {
                "guzzle/guzzle": "@stable",
                "kriswallsmith/buzz": "@stable",
                "zendframework/zendframework": "~2.1"
            },
            "suggest": {
                "ext-curl": "Enabling the curl extension allows you to use CurlHttpAdapter.",
                "guzzle/guzzle": "Enabling Guzzle allows you to use the GuzzleHttpAdapter.",
                "kriswallsmith/buzz": "Enabling Buzz allows you to use the BuzzHttpAdapter.",
                "zendframework/zend-http": "Enabling Zend Http allows you to use the ZendHttpAdapter."
            },
            "type": "library",
            "extra": {
                "branch-alias": {
                    "dev-master": "1.2-dev"
                }
            },
            "autoload": {
                "psr-0": {
                    "Geocoder": "src/"
                }
            },
            "notification-url": "https://packagist.org/downloads/",
            "license": [
                "MIT"
            ],
            "authors": [
                {
                    "name": "William Durand",
                    "email": "william.durand1@gmail.com",
                    "homepage": "http://www.willdurand.fr"
                }
            ],
            "description": "The almost missing Geocoder PHP 5.3 library.",
            "homepage": "http://geocoder-php.org",
            "keywords": [
                "abstraction",
                "geocoder",
                "geocoding",
                "geoip"
            ],
            "time": "2013-03-16 15:49:24"
        }
    ],
    "packages-dev": [

    ],
    "aliases": [

    ],
    "minimum-stability": "stable",
    "stability-flags": [

    ],
    "platform": [

    ],
    "platform-dev": [

    ]
}
